
Microsoft Visual Studio Solution File, Format Version 12.00
# Visual Studio Version 16
VisualStudioVersion = 16.0.31515.178
MinimumVisualStudioVersion = 10.0.40219.1
Project("{FAE04EC0-301F-11D3-BF4B-00C04F79EFBC}") = "BankHeist", "BankHeist\BankHeist.csproj", "{B333F97F-7E6E-4C55-8000-FA616CCB204E}"
EndProject
Global
	GlobalSection(SolutionConfigurationPlatforms) = preSolution
		Debug|Any CPU = Debug|Any CPU
		Release|Any CPU = Release|Any CPU
	EndGlobalSection
	GlobalSection(ProjectConfigurationPlatforms) = postSolution
		{B333F97F-7E6E-4C55-8000-FA616CCB204E}.Debug|Any CPU.ActiveCfg = Debug|Any CPU
		{B333F97F-7E6E-4C55-8000-FA616CCB204E}.Debug|Any CPU.Build.0 = Debug|Any CPU
		{B333F97F-7E6E-4C55-8000-FA616CCB204E}.Release|Any CPU.ActiveCfg = Release|Any CPU
		{B333F97F-7E6E-4C55-8000-FA616CCB204E}.Release|Any CPU.Build.0 = Release|Any CPU
	EndGlobalSection
	GlobalSection(SolutionProperties) = preSolution
		HideSolutionNode = FALSE
	EndGlobalSection
	GlobalSection(ExtensibilityGlobals) = postSolution
		SolutionGuid = {167F4B8E-2273-410D-844A-E3B2A1AB8E85}
	EndGlobalSection
EndGlobal
